// !$*UTF8*$!
{
	archiveVersion = 1;
	classes = {
	};
	objectVersion = 46;
	objects = {

/* Begin PBXBuildFile section */
		9778732A1B32231000B2FDD2 /* AppDelegate.swift in Sources */ = {isa = PBXBuildFile; fileRef = 977873291B32231000B2FDD2 /* AppDelegate.swift */; };
		9778732C1B32231000B2FDD2 /* RecordSoundsViewController.swift in Sources */ = {isa = PBXBuildFile; fileRef = 9778732B1B32231000B2FDD2 /* RecordSoundsViewController.swift */; };
		977873311B32231000B2FDD2 /* Images.xcassets in Resources */ = {isa = PBXBuildFile; fileRef = 977873301B32231000B2FDD2 /* Images.xcassets */; };
		977873341B32231000B2FDD2 /* LaunchScreen.xib in Resources */ = {isa = PBXBuildFile; fileRef = 977873321B32231000B2FDD2 /* LaunchScreen.xib */; };
		977873401B32231000B2FDD2 /* Pitch_PerfectTests.swift in Sources */ = {isa = PBXBuildFile; fileRef = 9778733F1B32231000B2FDD2 /* Pitch_PerfectTests.swift */; };
		9778734A1B35DE3F00B2FDD2 /* PlaySoundsViewController.swift in Sources */ = {isa = PBXBuildFile; fileRef = 977873491B35DE3F00B2FDD2 /* PlaySoundsViewController.swift */; };
		9778734E1B35FE7D00B2FDD2 /* RecordedAudio.swift in Sources */ = {isa = PBXBuildFile; fileRef = 9778734D1B35FE7D00B2FDD2 /* RecordedAudio.swift */; };
		979F6C671BE98CC700C481D5 /* Main.storyboard in Resources */ = {isa = PBXBuildFile; fileRef = 979F6C651BE98CC700C481D5 /* Main.storyboard */; };
/* End PBXBuildFile section */

/* Begin PBXContainerItemProxy section */
		9778733A1B32231000B2FDD2 /* PBXContainerItemProxy */ = {
			isa = PBXContainerItemProxy;
			containerPortal = 9778731C1B32230F00B2FDD2 /* Project object */;
			proxyType = 1;
			remoteGlobalIDString = 977873231B32231000B2FDD2;
			remoteInfo = "Pitch Perfect";
		};
/* End PBXContainerItemProxy section */

/* Begin PBXFileReference section */
		977873241B32231000B2FDD2 /* Pitch Perfect.app */ = {isa = PBXFileReference; explicitFileType = wrapper.application; includeInIndex = 0; path = "Pitch Perfect.app"; sourceTree = BUILT_PRODUCTS_DIR; };
		977873281B32231000B2FDD2 /* Info.plist */ = {isa = PBXFileReference; lastKnownFileType = text.plist.xml; path = Info.plist; sourceTree = "<group>"; };
		977873291B32231000B2FDD2 /* AppDelegate.swift */ = {isa = PBXFileReference; lastKnownFileType = sourcecode.swift; path = AppDelegate.swift; sourceTree = "<group>"; };
		9778732B1B32231000B2FDD2 /* RecordSoundsViewController.swift */ = {isa = PBXFileReference; lastKnownFileType = sourcecode.swift; path = RecordSoundsViewController.swift; sourceTree = "<group>"; };
		977873301B32231000B2FDD2 /* Images.xcassets */ = {isa = PBXFileReference; lastKnownFileType = folder.assetcatalog; path = Images.xcassets; sourceTree = "<group>"; };
		977873331B32231000B2FDD2 /* Base */ = {isa = PBXFileReference; lastKnownFileType = file.xib; name = Base; path = Base.lproj/LaunchScreen.xib; sourceTree = "<group>"; };
		977873391B32231000B2FDD2 /* Pitch PerfectTests.xctest */ = {isa = PBXFileReference; explicitFileType = wrapper.cfbundle; includeInIndex = 0; path = "Pitch PerfectTests.xctest"; sourceTree = BUILT_PRODUCTS_DIR; };
		9778733E1B32231000B2FDD2 /* Info.plist */ = {isa = PBXFileReference; lastKnownFileType = text.plist.xml; path = Info.plist; sourceTree = "<group>"; };
		9778733F1B32231000B2FDD2 /* Pitch_PerfectTests.swift */ = {isa = PBXFileReference; lastKnownFileType = sourcecode.swift; path = Pitch_PerfectTests.swift; sourceTree = "<group>"; };
		977873491B35DE3F00B2FDD2 /* PlaySoundsViewController.swift */ = {isa = PBXFileReference; fileEncoding = 4; lastKnownFileType = sourcecode.swift; path = PlaySoundsViewController.swift; sourceTree = "<group>"; };
		9778734D1B35FE7D00B2FDD2 /* RecordedAudio.swift */ = {isa = PBXFileReference; fileEncoding = 4; lastKnownFileType = sourcecode.swift; path = RecordedAudio.swift; sourceTree = "<group>"; };
		979F6C661BE98CC700C481D5 /* Base */ = {isa = PBXFileReference; lastKnownFileType = file.storyboard; name = Base; path = Base.lproj/Main.storyboard; sourceTree = "<group>"; };
/* End PBXFileReference section */

/* Begin PBXFrameworksBuildPhase section */
		977873211B32231000B2FDD2 /* Frameworks */ = {
			isa = PBXFrameworksBuildPhase;
			buildActionMask = 2147483647;
			files = (
			);
			runOnlyForDeploymentPostprocessing = 0;
		};
		977873361B32231000B2FDD2 /* Frameworks */ = {
			isa = PBXFrameworksBuildPhase;
			buildActionMask = 2147483647;
			files = (
			);
			runOnlyForDeploymentPostprocessing = 0;
		};
/* End PBXFrameworksBuildPhase section */

/* Begin PBXGroup section */
		9778731B1B32230F00B2FDD2 = {
			isa = PBXGroup;
			children = (
				977873261B32231000B2FDD2 /* Pitch Perfect */,
				9778733C1B32231000B2FDD2 /* Pitch PerfectTests */,
				977873251B32231000B2FDD2 /* Products */,
			);
			sourceTree = "<group>";
		};
		977873251B32231000B2FDD2 /* Products */ = {
			isa = PBXGroup;
			children = (
				977873241B32231000B2FDD2 /* Pitch Perfect.app */,
				977873391B32231000B2FDD2 /* Pitch PerfectTests.xctest */,
			);
			name = Products;
			sourceTree = "<group>";
		};
		977873261B32231000B2FDD2 /* Pitch Perfect */ = {
			isa = PBXGroup;
			children = (
				977873291B32231000B2FDD2 /* AppDelegate.swift */,
				9778732B1B32231000B2FDD2 /* RecordSoundsViewController.swift */,
				9778734D1B35FE7D00B2FDD2 /* RecordedAudio.swift */,
				979F6C651BE98CC700C481D5 /* Main.storyboard */,
				977873491B35DE3F00B2FDD2 /* PlaySoundsViewController.swift */,
				977873301B32231000B2FDD2 /* Images.xcassets */,
				977873321B32231000B2FDD2 /* LaunchScreen.xib */,
				977873271B32231000B2FDD2 /* Supporting Files */,
			);
			path = "Pitch Perfect";
			sourceTree = "<group>";
		};
		977873271B32231000B2FDD2 /* Supporting Files */ = {
			isa = PBXGroup;
			children = (
				977873281B32231000B2FDD2 /* Info.plist */,
			);
			name = "Supporting Files";
			sourceTree = "<group>";
		};
		9778733C1B32231000B2FDD2 /* Pitch PerfectTests */ = {
			isa = PBXGroup;
			children = (
				9778733F1B32231000B2FDD2 /* Pitch_PerfectTests.swift */,
				9778733D1B32231000B2FDD2 /* Supporting Files */,
			);
			path = "Pitch PerfectTests";
			sourceTree = "<group>";
		};
		9778733D1B32231000B2FDD2 /* Supporting Files */ = {
			isa = PBXGroup;
			children = (
				9778733E1B32231000B2FDD2 /* Info.plist */,
			);
			name = "Supporting Files";
			sourceTree = "<group>";
		};
/* End PBXGroup section */

/* Begin PBXNativeTarget section */
		977873231B32231000B2FDD2 /* Pitch Perfect */ = {
			isa = PBXNativeTarget;
			buildConfigurationList = 977873431B32231000B2FDD2 /* Build configuration list for PBXNativeTarget "Pitch Perfect" */;
			buildPhases = (
				977873201B32231000B2FDD2 /* Sources */,
				977873211B32231000B2FDD2 /* Frameworks */,
				977873221B32231000B2FDD2 /* Resources */,
			);
			buildRules = (
			);
			dependencies = (
			);
			name = "Pitch Perfect";
			productName = "Pitch Perfect";
			productReference = 977873241B32231000B2FDD2 /* Pitch Perfect.app */;
			productType = "com.apple.product-type.application";
		};
		977873381B32231000B2FDD2 /* Pitch PerfectTests */ = {
			isa = PBXNativeTarget;
			buildConfigurationList = 977873461B32231000B2FDD2 /* Build configuration list for PBXNativeTarget "Pitch PerfectTests" */;
			buildPhases = (
				977873351B32231000B2FDD2 /* Sources */,
				977873361B32231000B2FDD2 /* Frameworks */,
				977873371B32231000B2FDD2 /* Resources */,
			);
			buildRules = (
			);
			dependencies = (
				9778733B1B32231000B2FDD2 /* PBXTargetDependency */,
			);
			name = "Pitch PerfectTests";
			productName = "Pitch PerfectTests";
			productReference = 977873391B32231000B2FDD2 /* Pitch PerfectTests.xctest */;
			productType = "com.apple.product-type.bundle.unit-test";
		};
/* End PBXNativeTarget section */

/* Begin PBXProject section */
		9778731C1B32230F00B2FDD2 /* Project object */ = {
			isa = PBXProject;
			attributes = {
				LastSwiftUpdateCheck = 0700;
				LastUpgradeCheck = 0630;
				ORGANIZATIONNAME = "Jeff Isaray";
				TargetAttributes = {
					977873231B32231000B2FDD2 = {
						CreatedOnToolsVersion = 6.3.2;
						DevelopmentTeam = NW9Z24C8WV;
					};
					977873381B32231000B2FDD2 = {
						CreatedOnToolsVersion = 6.3.2;
						TestTargetID = 977873231B32231000B2FDD2;
					};
				};
			};
			buildConfigurationList = 9778731F1B32231000B2FDD2 /* Build configuration list for PBXProject "Pitch Perfect" */;
			compatibilityVersion = "Xcode 3.2";
			developmentRegion = English;
			hasScannedForEncodings = 0;
			knownRegions = (
				en,
				Base,
			);
			mainGroup = 9778731B1B32230F00B2FDD2;
			productRefGroup = 977873251B32231000B2FDD2 /* Products */;
			projectDirPath = "";
			projectRoot = "";
			targets = (
				977873231B32231000B2FDD2 /* Pitch Perfect */,
				977873381B32231000B2FDD2 /* Pitch PerfectTests */,
			);
		};
/* End PBXProject section */

/* Begin PBXResourcesBuildPhase section */
		977873221B32231000B2FDD2 /* Resources */ = {
			isa = PBXResourcesBuildPhase;
			buildActionMask = 2147483647;
			files = (
				979F6C671BE98CC700C481D5 /* Main.storyboard in Resources */,
				977873341B32231000B2FDD2 /* LaunchScreen.xib in Resources */,
				977873311B32231000B2FDD2 /* Images.xcassets in Resources */,
			);
			runOnlyForDeploymentPostprocessing = 0;
		};
		977873371B32231000B2FDD2 /* Resources */ = {
			isa = PBXResourcesBuildPhase;
			buildActionMask = 2147483647;
			files = (
			);
			runOnlyForDeploymentPostprocessing = 0;
		};
/* End PBXResourcesBuildPhase section */

/* Begin PBXSourcesBuildPhase section */
		977873201B32231000B2FDD2 /* Sources */ = {
			isa = PBXSourcesBuildPhase;
			buildActionMask = 2147483647;
			files = (
				9778734E1B35FE7D00B2FDD2 /* RecordedAudio.swift in Sources */,
				9778732C1B32231000B2FDD2 /* RecordSoundsViewController.swift in Sources */,
				9778734A1B35DE3F00B2FDD2 /* PlaySoundsViewController.swift in Sources */,
				9778732A1B32231000B2FDD2 /* AppDelegate.swift in Sources */,
			);
			runOnlyForDeploymentPostprocessing = 0;
		};
		977873351B32231000B2FDD2 /* Sources */ = {
			isa = PBXSourcesBuildPhase;
			buildActionMask = 2147483647;
			files = (
				977873401B32231000B2FDD2 /* Pitch_PerfectTests.swift in Sources */,
			);
			runOnlyForDeploymentPostprocessing = 0;
		};
/* End PBXSourcesBuildPhase section */

/* Begin PBXTargetDependency section */
		9778733B1B32231000B2FDD2 /* PBXTargetDependency */ = {
			isa = PBXTargetDependency;
			target = 977873231B32231000B2FDD2 /* Pitch Perfect */;
			targetProxy = 9778733A1B32231000B2FDD2 /* PBXContainerItemProxy */;
		};
/* End PBXTargetDependency section */

/* Begin PBXVariantGroup section */
		977873321B32231000B2FDD2 /* LaunchScreen.xib */ = {
			isa = PBXVariantGroup;
			children = (
				977873331B32231000B2FDD2 /* Base */,
			);
			name = LaunchScreen.xib;
			sourceTree = "<group>";
		};
		979F6C651BE98CC700C481D5 /* Main.storyboard */ = {
			isa = PBXVariantGroup;
			children = (
				979F6C661BE98CC700C481D5 /* Base */,
			);
			name = Main.storyboard;
			sourceTree = "<group>";
		};
/* End PBXVariantGroup section */

/* Begin XCBuildConfiguration section */
		977873411B32231000B2FDD2 /* Debug */ = {
			isa = XCBuildConfiguration;
			buildSettings = {
				ALWAYS_SEARCH_USER_PATHS = NO;
				CLANG_CXX_LANGUAGE_STANDARD = "gnu++0x";
				CLANG_CXX_LIBRARY = "libc++";
				CLANG_ENABLE_MODULES = YES;
				CLANG_ENABLE_OBJC_ARC = YES;
				CLANG_WARN_BOOL_CONVERSION = YES;
				CLANG_WARN_CONSTANT_CONVERSION = YES;
				CLANG_WARN_DIRECT_OBJC_ISA_USAGE = YES_ERROR;
				CLANG_WARN_EMPTY_BODY = YES;
				CLANG_WARN_ENUM_CONVERSION = YES;
				CLANG_WARN_INT_CONVERSION = YES;
				CLANG_WARN_OBJC_ROOT_CLASS = YES_ERROR;
				CLANG_WARN_UNREACHABLE_CODE = YES;
				CLANG_WARN__DUPLICATE_METHOD_MATCH = YES;
				"CODE_SIGN_IDENTITY[sdk=iphoneos*]" = "iPhone Developer";
				COPY_PHASE_STRIP = NO;
				DEBUG_INFORMATION_FORMAT = "dwarf-with-dsym";
				ENABLE_STRICT_OBJC_MSGSEND = YES;
				GCC_C_LANGUAGE_STANDARD = gnu99;
				GCC_DYNAMIC_NO_PIC = NO;
				GCC_NO_COMMON_BLOCKS = YES;
				GCC_OPTIMIZATION_LEVEL = 0;
				GCC_PREPROCESSOR_DEFINITIONS = (
					"DEBUG=1",
					"$(inherited)",
				);
				GCC_SYMBOLS_PRIVATE_EXTERN = NO;
				GCC_WARN_64_TO_32_BIT_CONVERSION = YES;
				GCC_WARN_ABOUT_RETURN_TYPE = YES_ERROR;
				GCC_WARN_UNDECLARED_SELECTOR = YES;
				GCC_WARN_UNINITIALIZED_AUTOS = YES_AGGRESSIVE;
				GCC_WARN_UNUSED_FUNCTION = YES;
				GCC_WARN_UNUSED_VARIABLE = YES;
				IPHONEOS_DEPLOYMENT_TARGET = 8.3;
				MTL_ENABLE_DEBUG_INFO = YES;
				ONLY_ACTIVE_ARCH = YES;
				SDKROOT = iphoneos;
				SWIFT_OPTIMIZATION_LEVEL = "-Onone";
				TARGETED_DEVICE_FAMILY = "1,2";
			};
			name = Debug;
		};
		977873421B32231000B2FDD2 /* Release */ = {
			isa = XCBuildConfiguration;
			buildSettings = {
				ALWAYS_SEARCH_USER_PATHS = NO;
				CLANG_CXX_LANGUAGE_STANDARD = "gnu++0x";
				CLANG_CXX_LIBRARY = "libc++";
				CLANG_ENABLE_MODULES = YES;
				CLANG_ENABLE_OBJC_ARC = YES;
				CLANG_WARN_BOOL_CONVERSION = YES;
				CLANG_WARN_CONSTANT_CONVERSION = YES;
				CLANG_WARN_DIRECT_OBJC_ISA_USAGE = YES_ERROR;
				CLANG_WARN_EMPTY_BODY = YES;
				CLANG_WARN_ENUM_CONVERSION = YES;
				CLANG_WARN_INT_CONVERSION = YES;
				CLANG_WARN_OBJC_ROOT_CLASS = YES_ERROR;
				CLANG_WARN_UNREACHABLE_CODE = YES;
				CLANG_WARN__DUPLICATE_METHOD_MATCH = YES;
				"CODE_SIGN_IDENTITY[sdk=iphoneos*]" = "iPhone Developer";
				COPY_PHASE_STRIP = NO;
				DEBUG_INFORMATION_FORMAT = "dwarf-with-dsym";
				ENABLE_NS_ASSERTIONS = NO;
				ENABLE_STRICT_OBJC_MSGSEND = YES;
				GCC_C_LANGUAGE_STANDARD = gnu99;
				GCC_NO_COMMON_BLOCKS = YES;
				GCC_WARN_64_TO_32_BIT_CONVERSION = YES;
				GCC_WARN_ABOUT_RETURN_TYPE = YES_ERROR;
				GCC_WARN_UNDECLARED_SELECTOR = YES;
				GCC_WARN_UNINITIALIZED_AUTOS = YES_AGGRESSIVE;
				GCC_WARN_UNUSED_FUNCTION = YES;
				GCC_WARN_UNUSED_VARIABLE = YES;
				IPHONEOS_DEPLOYMENT_TARGET = 8.3;
				MTL_ENABLE_DEBUG_INFO = NO;
				SDKROOT = iphoneos;
				TARGETED_DEVICE_FAMILY = "1,2";
				VALIDATE_PRODUCT = YES;
			};
			name = Release;
		};
		977873441B32231000B2FDD2 /* Debug */ = {
			isa = XCBuildConfiguration;
			buildSettings = {
				ASSETCATALOG_COMPILER_APPICON_NAME = AppIcon;
				CODE_SIGN_IDENTITY = "iPhone Developer";
				"CODE_SIGN_IDENTITY[sdk=iphoneos*]" = "iPhone Developer";
				INFOPLIST_FILE = "Pitch Perfect/Info.plist";
				IPHONEOS_DEPLOYMENT_TARGET = 9.1;
				LD_RUNPATH_SEARCH_PATHS = "$(inherited) @executable_path/Frameworks";
				PRODUCT_NAME = "$(TARGET_NAME)";
				PROVISIONING_PROFILE = "";
			};
			name = Debug;
		};
		977873451B32231000B2FDD2 /* Release */ = {
			isa = XCBuildConfiguration;
			buildSettings = {
				ASSETCATALOG_COMPILER_APPICON_NAME = AppIcon;
				CODE_SIGN_IDENTITY = "iPhone Developer";
				"CODE_SIGN_IDENTITY[sdk=iphoneos*]" = "iPhone Developer";
				INFOPLIST_FILE = "Pitch Perfect/Info.plist";
				IPHONEOS_DEPLOYMENT_TARGET = 9.1;
				LD_RUNPATH_SEARCH_PATHS = "$(inherited) @executable_path/Frameworks";
				PRODUCT_NAME = "$(TARGET_NAME)";
				PROVISIONING_PROFILE = "";
			};
			name = Release;
		};
		977873471B32231000B2FDD2 /* Debug */ = {
			isa = XCBuildConfiguration;
			buildSettings = {
				BUNDLE_LOADER = "$(TEST_HOST)";
				FRAMEWORK_SEARCH_PATHS = (
					"$(SDKROOT)/Developer/Library/Frameworks",
					"$(inherited)",
				);
				GCC_PREPROCESSOR_DEFINITIONS = (
					"DEBUG=1",
					"$(inherited)",
				);
				INFOPLIST_FILE = "Pitch PerfectTests/Info.plist";
				LD_RUNPATH_SEARCH_PATHS = "$(inherited) @executable_path/Frameworks @loader_path/Frameworks";
				PRODUCT_NAME = "$(TARGET_NAME)";
				TEST_HOST = "$(BUILT_PRODUCTS_DIR)/Pitch Perfect.app/Pitch Perfect";
			};
			name = Debug;
		};
		977873481B32231000B2FDD2 /* Release */ = {
			isa = XCBuildConfiguration;
			buildSettings = {
				BUNDLE_LOADER = "$(TEST_HOST)";
				FRAMEWORK_SEARCH_PATHS = (
					"$(SDKROOT)/Developer/Library/Frameworks",
					"$(inherited)",
				);
				INFOPLIST_FILE = "Pitch PerfectTests/Info.plist";
				LD_RUNPATH_SEARCH_PATHS = "$(inherited) @executable_path/Frameworks @loader_path/Frameworks";
				PRODUCT_NAME = "$(TARGET_NAME)";
				TEST_HOST = "$(BUILT_PRODUCTS_DIR)/Pitch Perfect.app/Pitch Perfect";
			};
			name = Release;
		};
/* End XCBuildConfiguration section */

/* Begin XCConfigurationList section */
		9778731F1B32231000B2FDD2 /* Build configuration list for PBXProject "Pitch Perfect" */ = {
			isa = XCConfigurationList;
			buildConfigurations = (
				977873411B32231000B2FDD2 /* Debug */,
				977873421B32231000B2FDD2 /* Release */,
			);
			defaultConfigurationIsVisible = 0;
			defaultConfigurationName = Release;
		};
		977873431B32231000B2FDD2 /* Build configuration list for PBXNativeTarget "Pitch Perfect" */ = {
			isa = XCConfigurationList;
			buildConfigurations = (
				977873441B32231000B2FDD2 /* Debug */,
				977873451B32231000B2FDD2 /* Release */,
			);
			defaultConfigurationIsVisible = 0;
			defaultConfigurationName = Release;
		};
		977873461B32231000B2FDD2 /* Build configuration list for PBXNativeTarget "Pitch PerfectTests" */ = {
			isa = XCConfigurationList;
			buildConfigurations = (
				977873471B32231000B2FDD2 /* Debug */,
				977873481B32231000B2FDD2 /* Release */,
			);
			defaultConfigurationIsVisible = 0;
			defaultConfigurationName = Release;
		};
/* End XCConfigurationList section */
	};
	rootObject = 9778731C1B32230F00B2FDD2 /* Project object */;
}
